
Microsoft Visual Studio Solution File, Format Version 12.00
# Visual Studio 15
VisualStudioVersion = 15.0.27130.2027
MinimumVisualStudioVersion = 10.0.40219.1
Project("{E24C65DC-7377-472B-9ABA-BC803B73C61A}") = "Llama", "Llama\", "{752701F5-8FCE-4FFE-877D-0B65CCBEE526}"
	ProjectSection(WebsiteProperties) = preProject
		TargetFrameworkMoniker = ".NETFramework,Version%3Dv4.6.1"
		Debug.AspNetCompiler.VirtualPath = "/localhost_53925"
		Debug.AspNetCompiler.PhysicalPath = "Llama\"
		Debug.AspNetCompiler.TargetPath = "PrecompiledWeb\localhost_53925\"
		Debug.AspNetCompiler.Updateable = "true"
		Debug.AspNetCompiler.ForceOverwrite = "true"
		Debug.AspNetCompiler.FixedNames = "false"
		Debug.AspNetCompiler.Debug = "True"
		Release.AspNetCompiler.VirtualPath = "/localhost_53925"
		Release.AspNetCompiler.PhysicalPath = "Llama\"
		Release.AspNetCompiler.TargetPath = "PrecompiledWeb\localhost_53925\"
		Release.AspNetCompiler.Updateable = "true"
		Release.AspNetCompiler.ForceOverwrite = "true"
		Release.AspNetCompiler.FixedNames = "false"
		Release.AspNetCompiler.Debug = "False"
		VWDPort = "53925"
		SlnRelativePath = "Llama\"
		DefaultWebSiteLanguage = "Visual C#"
	EndProjectSection
EndProject
Global
	GlobalSection(SolutionConfigurationPlatforms) = preSolution
		Debug|Any CPU = Debug|Any CPU
	EndGlobalSection
	GlobalSection(ProjectConfigurationPlatforms) = postSolution
		{752701F5-8FCE-4FFE-877D-0B65CCBEE526}.Debug|Any CPU.ActiveCfg = Debug|Any CPU
		{752701F5-8FCE-4FFE-877D-0B65CCBEE526}.Debug|Any CPU.Build.0 = Debug|Any CPU
	EndGlobalSection
	GlobalSection(SolutionProperties) = preSolution
		HideSolutionNode = FALSE
	EndGlobalSection
	GlobalSection(ExtensibilityGlobals) = postSolution
		SolutionGuid = {338D66AA-1CA8-4477-8EA6-837F70277524}
	EndGlobalSection
EndGlobal
